// !$*UTF8*$!
{
	archiveVersion = 1;
	classes = {
	};
	objectVersion = 51;
	objects = {

/* Begin PBXBuildFile section */
		484C6AC07BE4FC89290774AB /* Pods_ViraKran.framework in Frameworks */ = {isa = PBXBuildFile; fileRef = 97CDCBBC29F487C7FE675238 /* Pods_ViraKran.framework */; };
		853A13A426590D81002BA2F0 /* ProfileTableViewCellImage.swift in Sources */ = {isa = PBXBuildFile; fileRef = 853A13A326590D81002BA2F0 /* ProfileTableViewCellImage.swift */; };
		853A13A92659111E002BA2F0 /* ProfileTableViewCellName.swift in Sources */ = {isa = PBXBuildFile; fileRef = 853A13A82659111E002BA2F0 /* ProfileTableViewCellName.swift */; };
		853A13BC26591A05002BA2F0 /* ProfileTableViewCellImage.xib in Resources */ = {isa = PBXBuildFile; fileRef = 853A13BB26591A05002BA2F0 /* ProfileTableViewCellImage.xib */; };
		853A13C126592149002BA2F0 /* PostTableViewCell.xib in Resources */ = {isa = PBXBuildFile; fileRef = 853A13C026592149002BA2F0 /* PostTableViewCell.xib */; };
		853A143826595440002BA2F0 /* PostsViewController.swift in Sources */ = {isa = PBXBuildFile; fileRef = 853A143726595440002BA2F0 /* PostsViewController.swift */; };
		853A143D2659547C002BA2F0 /* PostTableViewCell.swift in Sources */ = {isa = PBXBuildFile; fileRef = 853A143C2659547C002BA2F0 /* PostTableViewCell.swift */; };
		853A14482659589E002BA2F0 /* NewCommentViewController.swift in Sources */ = {isa = PBXBuildFile; fileRef = 853A14472659589E002BA2F0 /* NewCommentViewController.swift */; };
		853A1456265983E8002BA2F0 /* Comment.swift in Sources */ = {isa = PBXBuildFile; fileRef = 853A1455265983E7002BA2F0 /* Comment.swift */; };
		853A145B265A4ED5002BA2F0 /* FavoriteItemsViewController.swift in Sources */ = {isa = PBXBuildFile; fileRef = 853A145A265A4ED5002BA2F0 /* FavoriteItemsViewController.swift */; };
		853A1460265A4FD8002BA2F0 /* FavoriteCell.xib in Resources */ = {isa = PBXBuildFile; fileRef = 853A145F265A4FD8002BA2F0 /* FavoriteCell.xib */; };
		853A1465265A5021002BA2F0 /* FavoriteCollectionViewCell.swift in Sources */ = {isa = PBXBuildFile; fileRef = 853A1464265A5021002BA2F0 /* FavoriteCollectionViewCell.swift */; };
		853A1491265C3697002BA2F0 /* ConversationTableViewCell.swift in Sources */ = {isa = PBXBuildFile; fileRef = 853A1490265C3696002BA2F0 /* ConversationTableViewCell.swift */; };
		853A14C3265E3FDD002BA2F0 /* Currencies.swift in Sources */ = {isa = PBXBuildFile; fileRef = 853A14C2265E3FDD002BA2F0 /* Currencies.swift */; };
		853A14C9265F8D4C002BA2F0 /* NewsPageViewController.swift in Sources */ = {isa = PBXBuildFile; fileRef = 853A14C8265F8D4B002BA2F0 /* NewsPageViewController.swift */; };
		853A151B266A3D9F002BA2F0 /* ParametersCell.xib in Resources */ = {isa = PBXBuildFile; fileRef = 853A151A266A3D9E002BA2F0 /* ParametersCell.xib */; };
		8540FA5B25ECDFCC0096BAA5 /* ConversationsViewController.swift in Sources */ = {isa = PBXBuildFile; fileRef = 8540FA5A25ECDFCC0096BAA5 /* ConversationsViewController.swift */; };
		8540FA7125ECE1940096BAA5 /* PhotoViewController.swift in Sources */ = {isa = PBXBuildFile; fileRef = 8540FA7025ECE1940096BAA5 /* PhotoViewController.swift */; };
		8540FA7B25ECE1C60096BAA5 /* SearchConversationViewController.swift in Sources */ = {isa = PBXBuildFile; fileRef = 8540FA7A25ECE1C60096BAA5 /* SearchConversationViewController.swift */; };
		8540FA8025ECE1DB0096BAA5 /* ProfileViewController.swift in Sources */ = {isa = PBXBuildFile; fileRef = 8540FA7F25ECE1DB0096BAA5 /* ProfileViewController.swift */; };
		8540FACF25EE171A0096BAA5 /* AuthorizationViewController.swift in Sources */ = {isa = PBXBuildFile; fileRef = 8540FACE25EE171A0096BAA5 /* AuthorizationViewController.swift */; };
		8540FAD425EE2ECC0096BAA5 /* UserModel.swift in Sources */ = {isa = PBXBuildFile; fileRef = 8540FAD325EE2ECC0096BAA5 /* UserModel.swift */; };
		8540FAD925F22BA30096BAA5 /* StorageManager.swift in Sources */ = {isa = PBXBuildFile; fileRef = 8540FAD825F22BA30096BAA5 /* StorageManager.swift */; };
		8540FB2225FCA0A50096BAA5 /* DatabaseManager.swift in Sources */ = {isa = PBXBuildFile; fileRef = 8540FB2125FCA0A50096BAA5 /* DatabaseManager.swift */; };
		8540FB27260006620096BAA5 /* ChatViewController.swift in Sources */ = {isa = PBXBuildFile; fileRef = 8540FB26260006620096BAA5 /* ChatViewController.swift */; };
		8540FB2C26000CFC0096BAA5 /* Message.swift in Sources */ = {isa = PBXBuildFile; fileRef = 8540FB2B26000CFC0096BAA5 /* Message.swift */; };
		855F73E625CEF047009A6183 /* AppDelegate.swift in Sources */ = {isa = PBXBuildFile; fileRef = 855F73E525CEF047009A6183 /* AppDelegate.swift */; };
		855F73E825CEF047009A6183 /* SceneDelegate.swift in Sources */ = {isa = PBXBuildFile; fileRef = 855F73E725CEF047009A6183 /* SceneDelegate.swift */; };
		855F73EA25CEF047009A6183 /* MainController.swift in Sources */ = {isa = PBXBuildFile; fileRef = 855F73E925CEF047009A6183 /* MainController.swift */; };
		855F73ED25CEF047009A6183 /* Main.storyboard in Resources */ = {isa = PBXBuildFile; fileRef = 855F73EB25CEF047009A6183 /* Main.storyboard */; };
		855F73EF25CEF049009A6183 /* Assets.xcassets in Resources */ = {isa = PBXBuildFile; fileRef = 855F73EE25CEF049009A6183 /* Assets.xcassets */; };
		855F73F225CEF049009A6183 /* LaunchScreen.storyboard in Resources */ = {isa = PBXBuildFile; fileRef = 855F73F025CEF049009A6183 /* LaunchScreen.storyboard */; };
		855F73FD25CEF049009A6183 /* ViraKranTests.swift in Sources */ = {isa = PBXBuildFile; fileRef = 855F73FC25CEF049009A6183 /* ViraKranTests.swift */; };
		855F740825CEF049009A6183 /* ViraKranUITests.swift in Sources */ = {isa = PBXBuildFile; fileRef = 855F740725CEF049009A6183 /* ViraKranUITests.swift */; };
		855F744025D12E7B009A6183 /* NewsModel.swift in Sources */ = {isa = PBXBuildFile; fileRef = 855F743F25D12E7B009A6183 /* NewsModel.swift */; };
		855F746925D4745A009A6183 /* NewsCell.swift in Sources */ = {isa = PBXBuildFile; fileRef = 855F746825D4745A009A6183 /* NewsCell.swift */; };
		855F746E25D48860009A6183 /* GoogleService-Info.plist in Resources */ = {isa = PBXBuildFile; fileRef = 855F746D25D48860009A6183 /* GoogleService-Info.plist */; };
		85628904267C0E200074FB9C /* TextViewController.swift in Sources */ = {isa = PBXBuildFile; fileRef = 85628903267C0E200074FB9C /* TextViewController.swift */; };
		8562893B267D231D0074FB9C /* Privacy.txt in Resources */ = {isa = PBXBuildFile; fileRef = 8562893A267D231D0074FB9C /* Privacy.txt */; };
		8562894C267DE88B0074FB9C /* ProfileTableViewCellName.xib in Resources */ = {isa = PBXBuildFile; fileRef = 8562894B267DE88B0074FB9C /* ProfileTableViewCellName.xib */; };
		8563449F264B2A8D00C233CA /* Equipment.swift in Sources */ = {isa = PBXBuildFile; fileRef = 8563449E264B2A8D00C233CA /* Equipment.swift */; };
		85634525265117C300C233CA /* CatalogViewController.swift in Sources */ = {isa = PBXBuildFile; fileRef = 85634524265117C300C233CA /* CatalogViewController.swift */; };
		8563452D265118CE00C233CA /* CatalogCell.swift in Sources */ = {isa = PBXBuildFile; fileRef = 8563452C265118CE00C233CA /* CatalogCell.swift */; };
		8563453D26524FD700C233CA /* ProductViewController.swift in Sources */ = {isa = PBXBuildFile; fileRef = 8563453C26524FD700C233CA /* ProductViewController.swift */; };
		856345422652532F00C233CA /* PhotoCarouselTableViewCell.swift in Sources */ = {isa = PBXBuildFile; fileRef = 856345412652532F00C233CA /* PhotoCarouselTableViewCell.swift */; };
		8563454726525E3C00C233CA /* PhotoCollectionViewCell.swift in Sources */ = {isa = PBXBuildFile; fileRef = 8563454626525E3C00C233CA /* PhotoCollectionViewCell.swift */; };
		8563454C2652FE0C00C233CA /* ParametersTableViewCell.swift in Sources */ = {isa = PBXBuildFile; fileRef = 8563454B2652FE0C00C233CA /* ParametersTableViewCell.swift */; };
		856346332654616B00C233CA /* CategoryEquipmentViewController.swift in Sources */ = {isa = PBXBuildFile; fileRef = 856346322654616A00C233CA /* CategoryEquipmentViewController.swift */; };
		85634638265463A700C233CA /* CategoryEquipmentTableViewCell.swift in Sources */ = {isa = PBXBuildFile; fileRef = 85634637265463A700C233CA /* CategoryEquipmentTableViewCell.swift */; };
		85D780ED25E78E20000D8D35 /* HamburgerViewController.swift in Sources */ = {isa = PBXBuildFile; fileRef = 85D780EC25E78E20000D8D35 /* HamburgerViewController.swift */; };
/* End PBXBuildFile section */

/* Begin PBXContainerItemProxy section */
		855F73F925CEF049009A6183 /* PBXContainerItemProxy */ = {
			isa = PBXContainerItemProxy;
			containerPortal = 855F73DA25CEF047009A6183 /* Project object */;
			proxyType = 1;
			remoteGlobalIDString = 855F73E125CEF047009A6183;
			remoteInfo = ViraKran;
		};
		855F740425CEF049009A6183 /* PBXContainerItemProxy */ = {
			isa = PBXContainerItemProxy;
			containerPortal = 855F73DA25CEF047009A6183 /* Project object */;
			proxyType = 1;
			remoteGlobalIDString = 855F73E125CEF047009A6183;
			remoteInfo = ViraKran;
		};
/* End PBXContainerItemProxy section */

/* Begin PBXFileReference section */
		52BD4D6207BF04D46C3076BF /* Pods-ViraKran.release.xcconfig */ = {isa = PBXFileReference; includeInIndex = 1; lastKnownFileType = text.xcconfig; name = "Pods-ViraKran.release.xcconfig"; path = "Target Support Files/Pods-ViraKran/Pods-ViraKran.release.xcconfig"; sourceTree = "<group>"; };
		852E95E62670E159004F94DB /* ru */ = {isa = PBXFileReference; lastKnownFileType = text.plist.strings; name = ru; path = ru.lproj/Main.strings; sourceTree = "<group>"; };
		852E95E72670E15C004F94DB /* ru */ = {isa = PBXFileReference; lastKnownFileType = text.plist.strings; name = ru; path = ru.lproj/LaunchScreen.strings; sourceTree = "<group>"; };
		853A13A326590D81002BA2F0 /* ProfileTableViewCellImage.swift */ = {isa = PBXFileReference; lastKnownFileType = sourcecode.swift; path = ProfileTableViewCellImage.swift; sourceTree = "<group>"; };
		853A13A82659111E002BA2F0 /* ProfileTableViewCellName.swift */ = {isa = PBXFileReference; lastKnownFileType = sourcecode.swift; path = ProfileTableViewCellName.swift; sourceTree = "<group>"; };
		853A13BB26591A05002BA2F0 /* ProfileTableViewCellImage.xib */ = {isa = PBXFileReference; lastKnownFileType = file.xib; path = ProfileTableViewCellImage.xib; sourceTree = "<group>"; };
		853A13C026592149002BA2F0 /* PostTableViewCell.xib */ = {isa = PBXFileReference; lastKnownFileType = file.xib; path = PostTableViewCell.xib; sourceTree = "<group>"; };
		853A143726595440002BA2F0 /* PostsViewController.swift */ = {isa = PBXFileReference; lastKnownFileType = sourcecode.swift; path = PostsViewController.swift; sourceTree = "<group>"; };
		853A143C2659547C002BA2F0 /* PostTableViewCell.swift */ = {isa = PBXFileReference; lastKnownFileType = sourcecode.swift; path = PostTableViewCell.swift; sourceTree = "<group>"; };
		853A14472659589E002BA2F0 /* NewCommentViewController.swift */ = {isa = PBXFileReference; lastKnownFileType = sourcecode.swift; path = NewCommentViewController.swift; sourceTree = "<group>"; };
		853A1455265983E7002BA2F0 /* Comment.swift */ = {isa = PBXFileReference; lastKnownFileType = sourcecode.swift; path = Comment.swift; sourceTree = "<group>"; };
		853A145A265A4ED5002BA2F0 /* FavoriteItemsViewController.swift */ = {isa = PBXFileReference; lastKnownFileType = sourcecode.swift; path = FavoriteItemsViewController.swift; sourceTree = "<group>"; };
		853A145F265A4FD8002BA2F0 /* FavoriteCell.xib */ = {isa = PBXFileReference; lastKnownFileType = file.xib; path = FavoriteCell.xib; sourceTree = "<group>"; };
		853A1464265A5021002BA2F0 /* FavoriteCollectionViewCell.swift */ = {isa = PBXFileReference; lastKnownFileType = sourcecode.swift; path = FavoriteCollectionViewCell.swift; sourceTree = "<group>"; };
		853A1490265C3696002BA2F0 /* ConversationTableViewCell.swift */ = {isa = PBXFileReference; lastKnownFileType = sourcecode.swift; path = ConversationTableViewCell.swift; sourceTree = "<group>"; };
		853A14C2265E3FDD002BA2F0 /* Currencies.swift */ = {isa = PBXFileReference; lastKnownFileType = sourcecode.swift; path = Currencies.swift; sourceTree = "<group>"; };
		853A14C8265F8D4B002BA2F0 /* NewsPageViewController.swift */ = {isa = PBXFileReference; lastKnownFileType = sourcecode.swift; path = NewsPageViewController.swift; sourceTree = "<group>"; };
		853A151A266A3D9E002BA2F0 /* ParametersCell.xib */ = {isa = PBXFileReference; lastKnownFileType = file.xib; path = ParametersCell.xib; sourceTree = "<group>"; };
		8540FA5A25ECDFCC0096BAA5 /* ConversationsViewController.swift */ = {isa = PBXFileReference; lastKnownFileType = sourcecode.swift; path = ConversationsViewController.swift; sourceTree = "<group>"; };
		8540FA7025ECE1940096BAA5 /* PhotoViewController.swift */ = {isa = PBXFileReference; lastKnownFileType = sourcecode.swift; path = PhotoViewController.swift; sourceTree = "<group>"; };
		8540FA7A25ECE1C60096BAA5 /* SearchConversationViewController.swift */ = {isa = PBXFileReference; lastKnownFileType = sourcecode.swift; path = SearchConversationViewController.swift; sourceTree = "<group>"; };
		8540FA7F25ECE1DB0096BAA5 /* ProfileViewController.swift */ = {isa = PBXFileReference; lastKnownFileType = sourcecode.swift; path = ProfileViewController.swift; sourceTree = "<group>"; };
		8540FACE25EE171A0096BAA5 /* AuthorizationViewController.swift */ = {isa = PBXFileReference; lastKnownFileType = sourcecode.swift; path = AuthorizationViewController.swift; sourceTree = "<group>"; };
		8540FAD325EE2ECC0096BAA5 /* UserModel.swift */ = {isa = PBXFileReference; lastKnownFileType = sourcecode.swift; path = UserModel.swift; sourceTree = "<group>"; };
		8540FAD825F22BA30096BAA5 /* StorageManager.swift */ = {isa = PBXFileReference; lastKnownFileType = sourcecode.swift; path = StorageManager.swift; sourceTree = "<group>"; };
		8540FB2125FCA0A50096BAA5 /* DatabaseManager.swift */ = {isa = PBXFileReference; lastKnownFileType = sourcecode.swift; path = DatabaseManager.swift; sourceTree = "<group>"; };
		8540FB26260006620096BAA5 /* ChatViewController.swift */ = {isa = PBXFileReference; lastKnownFileType = sourcecode.swift; path = ChatViewController.swift; sourceTree = "<group>"; };
		8540FB2B26000CFC0096BAA5 /* Message.swift */ = {isa = PBXFileReference; lastKnownFileType = sourcecode.swift; path = Message.swift; sourceTree = "<group>"; };
		855F73E225CEF047009A6183 /* ViraKran.app */ = {isa = PBXFileReference; explicitFileType = wrapper.application; includeInIndex = 0; path = ViraKran.app; sourceTree = BUILT_PRODUCTS_DIR; };
		855F73E525CEF047009A6183 /* AppDelegate.swift */ = {isa = PBXFileReference; lastKnownFileType = sourcecode.swift; path = AppDelegate.swift; sourceTree = "<group>"; };
		855F73E725CEF047009A6183 /* SceneDelegate.swift */ = {isa = PBXFileReference; lastKnownFileType = sourcecode.swift; path = SceneDelegate.swift; sourceTree = "<group>"; };
		855F73E925CEF047009A6183 /* MainController.swift */ = {isa = PBXFileReference; lastKnownFileType = sourcecode.swift; path = MainController.swift; sourceTree = "<group>"; };
		855F73EC25CEF047009A6183 /* Base */ = {isa = PBXFileReference; lastKnownFileType = file.storyboard; name = Base; path = Base.lproj/Main.storyboard; sourceTree = "<group>"; };
		855F73EE25CEF049009A6183 /* Assets.xcassets */ = {isa = PBXFileReference; lastKnownFileType = folder.assetcatalog; path = Assets.xcassets; sourceTree = "<group>"; };
		855F73F125CEF049009A6183 /* Base */ = {isa = PBXFileReference; lastKnownFileType = file.storyboard; name = Base; path = Base.lproj/LaunchScreen.storyboard; sourceTree = "<group>"; };
		855F73F325CEF049009A6183 /* Info.plist */ = {isa = PBXFileReference; lastKnownFileType = text.plist.xml; path = Info.plist; sourceTree = "<group>"; };
		855F73F825CEF049009A6183 /* ViraKranTests.xctest */ = {isa = PBXFileReference; explicitFileType = wrapper.cfbundle; includeInIndex = 0; path = ViraKranTests.xctest; sourceTree = BUILT_PRODUCTS_DIR; };
		855F73FC25CEF049009A6183 /* ViraKranTests.swift */ = {isa = PBXFileReference; lastKnownFileType = sourcecode.swift; path = ViraKranTests.swift; sourceTree = "<group>"; };
		855F73FE25CEF049009A6183 /* Info.plist */ = {isa = PBXFileReference; lastKnownFileType = text.plist.xml; path = Info.plist; sourceTree = "<group>"; };
		855F740325CEF049009A6183 /* ViraKranUITests.xctest */ = {isa = PBXFileReference; explicitFileType = wrapper.cfbundle; includeInIndex = 0; path = ViraKranUITests.xctest; sourceTree = BUILT_PRODUCTS_DIR; };
		855F740725CEF049009A6183 /* ViraKranUITests.swift */ = {isa = PBXFileReference; lastKnownFileType = sourcecode.swift; path = ViraKranUITests.swift; sourceTree = "<group>"; };
		855F740925CEF049009A6183 /* Info.plist */ = {isa = PBXFileReference; lastKnownFileType = text.plist.xml; path = Info.plist; sourceTree = "<group>"; };
		855F743F25D12E7B009A6183 /* NewsModel.swift */ = {isa = PBXFileReference; lastKnownFileType = sourcecode.swift; path = NewsModel.swift; sourceTree = "<group>"; };
		855F746825D4745A009A6183 /* NewsCell.swift */ = {isa = PBXFileReference; lastKnownFileType = sourcecode.swift; path = NewsCell.swift; sourceTree = "<group>"; };
		855F746D25D48860009A6183 /* GoogleService-Info.plist */ = {isa = PBXFileReference; fileEncoding = 4; lastKnownFileType = text.plist.xml; path = "GoogleService-Info.plist"; sourceTree = "<group>"; };
		85628903267C0E200074FB9C /* TextViewController.swift */ = {isa = PBXFileReference; lastKnownFileType = sourcecode.swift; path = TextViewController.swift; sourceTree = "<group>"; };
		8562893A267D231D0074FB9C /* Privacy.txt */ = {isa = PBXFileReference; fileEncoding = 4; lastKnownFileType = text; path = Privacy.txt; sourceTree = SOURCE_ROOT; };
		8562894B267DE88B0074FB9C /* ProfileTableViewCellName.xib */ = {isa = PBXFileReference; lastKnownFileType = file.xib; path = ProfileTableViewCellName.xib; sourceTree = "<group>"; };
		8563449E264B2A8D00C233CA /* Equipment.swift */ = {isa = PBXFileReference; lastKnownFileType = sourcecode.swift; path = Equipment.swift; sourceTree = "<group>"; };
		85634524265117C300C233CA /* CatalogViewController.swift */ = {isa = PBXFileReference; lastKnownFileType = sourcecode.swift; path = CatalogViewController.swift; sourceTree = "<group>"; };
		8563452C265118CE00C233CA /* CatalogCell.swift */ = {isa = PBXFileReference; lastKnownFileType = sourcecode.swift; path = CatalogCell.swift; sourceTree = "<group>"; };
		8563453C26524FD700C233CA /* ProductViewController.swift */ = {isa = PBXFileReference; lastKnownFileType = sourcecode.swift; path = ProductViewController.swift; sourceTree = "<group>"; };
		856345412652532F00C233CA /* PhotoCarouselTableViewCell.swift */ = {isa = PBXFileReference; lastKnownFileType = sourcecode.swift; path = PhotoCarouselTableViewCell.swift; sourceTree = "<group>"; };
		8563454626525E3C00C233CA /* PhotoCollectionViewCell.swift */ = {isa = PBXFileReference; lastKnownFileType = sourcecode.swift; path = PhotoCollectionViewCell.swift; sourceTree = "<group>"; };
		8563454B2652FE0C00C233CA /* ParametersTableViewCell.swift */ = {isa = PBXFileReference; lastKnownFileType = sourcecode.swift; path = ParametersTableViewCell.swift; sourceTree = "<group>"; };
		856346322654616A00C233CA /* CategoryEquipmentViewController.swift */ = {isa = PBXFileReference; lastKnownFileType = sourcecode.swift; path = CategoryEquipmentViewController.swift; sourceTree = "<group>"; };
		85634637265463A700C233CA /* CategoryEquipmentTableViewCell.swift */ = {isa = PBXFileReference; lastKnownFileType = sourcecode.swift; path = CategoryEquipmentTableViewCell.swift; sourceTree = "<group>"; };
		85D780EC25E78E20000D8D35 /* HamburgerViewController.swift */ = {isa = PBXFileReference; lastKnownFileType = sourcecode.swift; path = HamburgerViewController.swift; sourceTree = "<group>"; };
		97CDCBBC29F487C7FE675238 /* Pods_ViraKran.framework */ = {isa = PBXFileReference; explicitFileType = wrapper.framework; includeInIndex = 0; path = Pods_ViraKran.framework; sourceTree = BUILT_PRODUCTS_DIR; };
		C39CCF6DA59BF87CA4083F7E /* Pods-ViraKran.debug.xcconfig */ = {isa = PBXFileReference; includeInIndex = 1; lastKnownFileType = text.xcconfig; name = "Pods-ViraKran.debug.xcconfig"; path = "Target Support Files/Pods-ViraKran/Pods-ViraKran.debug.xcconfig"; sourceTree = "<group>"; };
/* End PBXFileReference section */

/* Begin PBXFrameworksBuildPhase section */
		855F73DF25CEF047009A6183 /* Frameworks */ = {
			isa = PBXFrameworksBuildPhase;
			buildActionMask = 2147483647;
			files = (
				484C6AC07BE4FC89290774AB /* Pods_ViraKran.framework in Frameworks */,
			);
			runOnlyForDeploymentPostprocessing = 0;
		};
		855F73F525CEF049009A6183 /* Frameworks */ = {
			isa = PBXFrameworksBuildPhase;
			buildActionMask = 2147483647;
			files = (
			);
			runOnlyForDeploymentPostprocessing = 0;
		};
		855F740025CEF049009A6183 /* Frameworks */ = {
			isa = PBXFrameworksBuildPhase;
			buildActionMask = 2147483647;
			files = (
			);
			runOnlyForDeploymentPostprocessing = 0;
		};
/* End PBXFrameworksBuildPhase section */

/* Begin PBXGroup section */
		05A9CAB290611EADBC690DFA /* Frameworks */ = {
			isa = PBXGroup;
			children = (
				97CDCBBC29F487C7FE675238 /* Pods_ViraKran.framework */,
			);
			name = Frameworks;
			sourceTree = "<group>";
		};
		853A14CD2662C3C2002BA2F0 /* News */ = {
			isa = PBXGroup;
			children = (
				855F73E925CEF047009A6183 /* MainController.swift */,
				853A14C8265F8D4B002BA2F0 /* NewsPageViewController.swift */,
			);
			path = News;
			sourceTree = "<group>";
		};
		853A14CE2662C3EE002BA2F0 /* Chats */ = {
			isa = PBXGroup;
			children = (
				8540FB26260006620096BAA5 /* ChatViewController.swift */,
				8540FA5A25ECDFCC0096BAA5 /* ConversationsViewController.swift */,
				8540FA7A25ECE1C60096BAA5 /* SearchConversationViewController.swift */,
			);
			path = Chats;
			sourceTree = "<group>";
		};
		853A14CF2662C431002BA2F0 /* Product */ = {
			isa = PBXGroup;
			children = (
				85634524265117C300C233CA /* CatalogViewController.swift */,
				8563453C26524FD700C233CA /* ProductViewController.swift */,
				856346322654616A00C233CA /* CategoryEquipmentViewController.swift */,
				853A143726595440002BA2F0 /* PostsViewController.swift */,
				853A14472659589E002BA2F0 /* NewCommentViewController.swift */,
			);
			path = Product;
			sourceTree = "<group>";
		};
		853A14D02662C48C002BA2F0 /* NewsCell */ = {
			isa = PBXGroup;
			children = (
				855F746825D4745A009A6183 /* NewsCell.swift */,
			);
			path = NewsCell;
			sourceTree = "<group>";
		};
		853A14D12662C4A3002BA2F0 /* Product */ = {
			isa = PBXGroup;
			children = (
				856345412652532F00C233CA /* PhotoCarouselTableViewCell.swift */,
				8563454626525E3C00C233CA /* PhotoCollectionViewCell.swift */,
				8563452C265118CE00C233CA /* CatalogCell.swift */,
				853A13C026592149002BA2F0 /* PostTableViewCell.xib */,
				8563454B2652FE0C00C233CA /* ParametersTableViewCell.swift */,
				85634637265463A700C233CA /* CategoryEquipmentTableViewCell.swift */,
				853A143C2659547C002BA2F0 /* PostTableViewCell.swift */,
				853A151A266A3D9E002BA2F0 /* ParametersCell.xib */,
			);
			path = Product;
			sourceTree = "<group>";
		};
		853A14DE2662C4F6002BA2F0 /* Profile */ = {
			isa = PBXGroup;
			children = (
				853A13A82659111E002BA2F0 /* ProfileTableViewCellName.swift */,
				853A13BB26591A05002BA2F0 /* ProfileTableViewCellImage.xib */,
				853A13A326590D81002BA2F0 /* ProfileTableViewCellImage.swift */,
				853A145F265A4FD8002BA2F0 /* FavoriteCell.xib */,
				853A1464265A5021002BA2F0 /* FavoriteCollectionViewCell.swift */,
				8562894B267DE88B0074FB9C /* ProfileTableViewCellName.xib */,
			);
			path = Profile;
			sourceTree = "<group>";
		};
		8540FA5625ECDEC30096BAA5 /* ViewModels */ = {
			isa = PBXGroup;
			children = (
			);
			path = ViewModels;
			sourceTree = "<group>";
		};
		8540FA5725ECDEDF0096BAA5 /* Views */ = {
			isa = PBXGroup;
			children = (
				8540FA5825ECDF040096BAA5 /* Storyboards */,
			);
			path = Views;
			sourceTree = "<group>";
		};
		8540FA5825ECDF040096BAA5 /* Storyboards */ = {
			isa = PBXGroup;
			children = (
				855F73EB25CEF047009A6183 /* Main.storyboard */,
				855F73F025CEF049009A6183 /* LaunchScreen.storyboard */,
			);
			path = Storyboards;
			sourceTree = "<group>";
		};
		8540FA5925ECDF330096BAA5 /* Controllers */ = {
			isa = PBXGroup;
			children = (
				853A14CF2662C431002BA2F0 /* Product */,
				853A14CE2662C3EE002BA2F0 /* Chats */,
				853A14CD2662C3C2002BA2F0 /* News */,
				8540FA8425ECEF900096BAA5 /* Login&Profile */,
				85D780EC25E78E20000D8D35 /* HamburgerViewController.swift */,
				8540FA7025ECE1940096BAA5 /* PhotoViewController.swift */,
				85628903267C0E200074FB9C /* TextViewController.swift */,
				8562893A267D231D0074FB9C /* Privacy.txt */,
			);
			path = Controllers;
			sourceTree = "<group>";
		};
		8540FA6225ECDFE40096BAA5 /* Resources */ = {
			isa = PBXGroup;
			children = (
				855F73E525CEF047009A6183 /* AppDelegate.swift */,
				855F73E725CEF047009A6183 /* SceneDelegate.swift */,
				8540FAD825F22BA30096BAA5 /* StorageManager.swift */,
				8540FB2125FCA0A50096BAA5 /* DatabaseManager.swift */,
			);
			path = Resources;
			sourceTree = "<group>";
		};
		8540FA8425ECEF900096BAA5 /* Login&Profile */ = {
			isa = PBXGroup;
			children = (
				8540FA7F25ECE1DB0096BAA5 /* ProfileViewController.swift */,
				8540FACE25EE171A0096BAA5 /* AuthorizationViewController.swift */,
				853A145A265A4ED5002BA2F0 /* FavoriteItemsViewController.swift */,
			);
			path = "Login&Profile";
			sourceTree = "<group>";
		};
		855F73D925CEF047009A6183 = {
			isa = PBXGroup;
			children = (
				855F73E425CEF047009A6183 /* ViraKran */,
				855F73FB25CEF049009A6183 /* ViraKranTests */,
				855F740625CEF049009A6183 /* ViraKranUITests */,
				855F73E325CEF047009A6183 /* Products */,
				A8640E996A0365B5A10DB40D /* Pods */,
				05A9CAB290611EADBC690DFA /* Frameworks */,
			);
			sourceTree = "<group>";
		};
		855F73E325CEF047009A6183 /* Products */ = {
			isa = PBXGroup;
			children = (
				855F73E225CEF047009A6183 /* ViraKran.app */,
				855F73F825CEF049009A6183 /* ViraKranTests.xctest */,
				855F740325CEF049009A6183 /* ViraKranUITests.xctest */,
			);
			name = Products;
			sourceTree = "<group>";
		};
		855F73E425CEF047009A6183 /* ViraKran */ = {
			isa = PBXGroup;
			children = (
				8540FA6225ECDFE40096BAA5 /* Resources */,
				8540FA5925ECDF330096BAA5 /* Controllers */,
				8540FA5725ECDEDF0096BAA5 /* Views */,
				8540FA5625ECDEC30096BAA5 /* ViewModels */,
				855F744425D13268009A6183 /* Cells */,
				855F743E25D12E62009A6183 /* Models */,
				855F73EE25CEF049009A6183 /* Assets.xcassets */,
				855F746D25D48860009A6183 /* GoogleService-Info.plist */,
				855F73F325CEF049009A6183 /* Info.plist */,
			);
			path = ViraKran;
			sourceTree = "<group>";
		};
		855F73FB25CEF049009A6183 /* ViraKranTests */ = {
			isa = PBXGroup;
			children = (
				855F73FC25CEF049009A6183 /* ViraKranTests.swift */,
				855F73FE25CEF049009A6183 /* Info.plist */,
			);
			path = ViraKranTests;
			sourceTree = "<group>";
		};
		855F740625CEF049009A6183 /* ViraKranUITests */ = {
			isa = PBXGroup;
			children = (
				855F740725CEF049009A6183 /* ViraKranUITests.swift */,
				855F740925CEF049009A6183 /* Info.plist */,
			);
			path = ViraKranUITests;
			sourceTree = "<group>";
		};
		855F743E25D12E62009A6183 /* Models */ = {
			isa = PBXGroup;
			children = (
				855F743F25D12E7B009A6183 /* NewsModel.swift */,
				8540FAD325EE2ECC0096BAA5 /* UserModel.swift */,
				8540FB2B26000CFC0096BAA5 /* Message.swift */,
				8563449E264B2A8D00C233CA /* Equipment.swift */,
				853A1455265983E7002BA2F0 /* Comment.swift */,
				853A14C2265E3FDD002BA2F0 /* Currencies.swift */,
			);
			path = Models;
			sourceTree = "<group>";
		};
		855F744425D13268009A6183 /* Cells */ = {
			isa = PBXGroup;
			children = (
				853A14DE2662C4F6002BA2F0 /* Profile */,
				853A14D12662C4A3002BA2F0 /* Product */,
				853A14D02662C48C002BA2F0 /* NewsCell */,
				853A1490265C3696002BA2F0 /* ConversationTableViewCell.swift */,
			);
			path = Cells;
			sourceTree = "<group>";
		};
		A8640E996A0365B5A10DB40D /* Pods */ = {
			isa = PBXGroup;
			children = (
				C39CCF6DA59BF87CA4083F7E /* Pods-ViraKran.debug.xcconfig */,
				52BD4D6207BF04D46C3076BF /* Pods-ViraKran.release.xcconfig */,
			);
			path = Pods;
			sourceTree = "<group>";
		};
/* End PBXGroup section */

/* Begin PBXNativeTarget section */
		855F73E125CEF047009A6183 /* ViraKran */ = {
			isa = PBXNativeTarget;
			buildConfigurationList = 855F740C25CEF049009A6183 /* Build configuration list for PBXNativeTarget "ViraKran" */;
			buildPhases = (
				D155CB6F93300EB736749C92 /* [CP] Check Pods Manifest.lock */,
				855F73DE25CEF047009A6183 /* Sources */,
				855F73DF25CEF047009A6183 /* Frameworks */,
				855F73E025CEF047009A6183 /* Resources */,
				8F9F665218A5E24FE723A2C3 /* [CP] Embed Pods Frameworks */,
			);
			buildRules = (
			);
			dependencies = (
			);
			name = ViraKran;
			productName = ViraKran;
			productReference = 855F73E225CEF047009A6183 /* ViraKran.app */;
			productType = "com.apple.product-type.application";
		};
		855F73F725CEF049009A6183 /* ViraKranTests */ = {
			isa = PBXNativeTarget;
			buildConfigurationList = 855F740F25CEF049009A6183 /* Build configuration list for PBXNativeTarget "ViraKranTests" */;
			buildPhases = (
				855F73F425CEF049009A6183 /* Sources */,
				855F73F525CEF049009A6183 /* Frameworks */,
				855F73F625CEF049009A6183 /* Resources */,
			);
			buildRules = (
			);
			dependencies = (
				855F73FA25CEF049009A6183 /* PBXTargetDependency */,
			);
			name = ViraKranTests;
			productName = ViraKranTests;
			productReference = 855F73F825CEF049009A6183 /* ViraKranTests.xctest */;
			productType = "com.apple.product-type.bundle.unit-test";
		};
		855F740225CEF049009A6183 /* ViraKranUITests */ = {
			isa = PBXNativeTarget;
			buildConfigurationList = 855F741225CEF049009A6183 /* Build configuration list for PBXNativeTarget "ViraKranUITests" */;
			buildPhases = (
				855F73FF25CEF049009A6183 /* Sources */,
				855F740025CEF049009A6183 /* Frameworks */,
				855F740125CEF049009A6183 /* Resources */,
			);
			buildRules = (
			);
			dependencies = (
				855F740525CEF049009A6183 /* PBXTargetDependency */,
			);
			name = ViraKranUITests;
			productName = ViraKranUITests;
			productReference = 855F740325CEF049009A6183 /* ViraKranUITests.xctest */;
			productType = "com.apple.product-type.bundle.ui-testing";
		};
/* End PBXNativeTarget section */

/* Begin PBXProject section */
		855F73DA25CEF047009A6183 /* Project object */ = {
			isa = PBXProject;
			attributes = {
				LastSwiftUpdateCheck = 1230;
				LastUpgradeCheck = 1230;
				TargetAttributes = {
					855F73E125CEF047009A6183 = {
						CreatedOnToolsVersion = 12.3;
					};
					855F73F725CEF049009A6183 = {
						CreatedOnToolsVersion = 12.3;
						TestTargetID = 855F73E125CEF047009A6183;
					};
					855F740225CEF049009A6183 = {
						CreatedOnToolsVersion = 12.3;
						TestTargetID = 855F73E125CEF047009A6183;
					};
				};
			};
			buildConfigurationList = 855F73DD25CEF047009A6183 /* Build configuration list for PBXProject "ViraKran" */;
			compatibilityVersion = "Xcode 9.3";
			developmentRegion = en;
			hasScannedForEncodings = 0;
			knownRegions = (
				en,
				Base,
				ru,
			);
			mainGroup = 855F73D925CEF047009A6183;
			productRefGroup = 855F73E325CEF047009A6183 /* Products */;
			projectDirPath = "";
			projectRoot = "";
			targets = (
				855F73E125CEF047009A6183 /* ViraKran */,
				855F73F725CEF049009A6183 /* ViraKranTests */,
				855F740225CEF049009A6183 /* ViraKranUITests */,
			);
		};
/* End PBXProject section */

/* Begin PBXResourcesBuildPhase section */
		855F73E025CEF047009A6183 /* Resources */ = {
			isa = PBXResourcesBuildPhase;
			buildActionMask = 2147483647;
			files = (
				855F73F225CEF049009A6183 /* LaunchScreen.storyboard in Resources */,
				853A13BC26591A05002BA2F0 /* ProfileTableViewCellImage.xib in Resources */,
				855F746E25D48860009A6183 /* GoogleService-Info.plist in Resources */,
				8562893B267D231D0074FB9C /* Privacy.txt in Resources */,
				855F73EF25CEF049009A6183 /* Assets.xcassets in Resources */,
				855F73ED25CEF047009A6183 /* Main.storyboard in Resources */,
				853A13C126592149002BA2F0 /* PostTableViewCell.xib in Resources */,
				853A1460265A4FD8002BA2F0 /* FavoriteCell.xib in Resources */,
				8562894C267DE88B0074FB9C /* ProfileTableViewCellName.xib in Resources */,
				853A151B266A3D9F002BA2F0 /* ParametersCell.xib in Resources */,
			);
			runOnlyForDeploymentPostprocessing = 0;
		};
		855F73F625CEF049009A6183 /* Resources */ = {
			isa = PBXResourcesBuildPhase;
			buildActionMask = 2147483647;
			files = (
			);
			runOnlyForDeploymentPostprocessing = 0;
		};
		855F740125CEF049009A6183 /* Resources */ = {
			isa = PBXResourcesBuildPhase;
			buildActionMask = 2147483647;
			files = (
			);
			runOnlyForDeploymentPostprocessing = 0;
		};
/* End PBXResourcesBuildPhase section */

/* Begin PBXShellScriptBuildPhase section */
		8F9F665218A5E24FE723A2C3 /* [CP] Embed Pods Frameworks */ = {
			isa = PBXShellScriptBuildPhase;
			buildActionMask = 2147483647;
			files = (
			);
			inputFileListPaths = (
				"${PODS_ROOT}/Target Support Files/Pods-ViraKran/Pods-ViraKran-frameworks-${CONFIGURATION}-input-files.xcfilelist",
			);
			name = "[CP] Embed Pods Frameworks";
			outputFileListPaths = (
				"${PODS_ROOT}/Target Support Files/Pods-ViraKran/Pods-ViraKran-frameworks-${CONFIGURATION}-output-files.xcfilelist",
			);
			runOnlyForDeploymentPostprocessing = 0;
			shellPath = /bin/sh;
			shellScript = "\"${PODS_ROOT}/Target Support Files/Pods-ViraKran/Pods-ViraKran-frameworks.sh\"\n";
			showEnvVarsInLog = 0;
		};
		D155CB6F93300EB736749C92 /* [CP] Check Pods Manifest.lock */ = {
			isa = PBXShellScriptBuildPhase;
			buildActionMask = 2147483647;
			files = (
			);
			inputFileListPaths = (
			);
			inputPaths = (
				"${PODS_PODFILE_DIR_PATH}/Podfile.lock",
				"${PODS_ROOT}/Manifest.lock",
			);
			name = "[CP] Check Pods Manifest.lock";
			outputFileListPaths = (
			);
			outputPaths = (
				"$(DERIVED_FILE_DIR)/Pods-ViraKran-checkManifestLockResult.txt",
			);
			runOnlyForDeploymentPostprocessing = 0;
			shellPath = /bin/sh;
			shellScript = "diff \"${PODS_PODFILE_DIR_PATH}/Podfile.lock\" \"${PODS_ROOT}/Manifest.lock\" > /dev/null\nif [ $? != 0 ] ; then\n    # print error to STDERR\n    echo \"error: The sandbox is not in sync with the Podfile.lock. Run 'pod install' or update your CocoaPods installation.\" >&2\n    exit 1\nfi\n# This output is used by Xcode 'outputs' to avoid re-running this script phase.\necho \"SUCCESS\" > \"${SCRIPT_OUTPUT_FILE_0}\"\n";
			showEnvVarsInLog = 0;
		};
/* End PBXShellScriptBuildPhase section */

/* Begin PBXSourcesBuildPhase section */
		855F73DE25CEF047009A6183 /* Sources */ = {
			isa = PBXSourcesBuildPhase;
			buildActionMask = 2147483647;
			files = (
				85634525265117C300C233CA /* CatalogViewController.swift in Sources */,
				8540FAD925F22BA30096BAA5 /* StorageManager.swift in Sources */,
				853A143D2659547C002BA2F0 /* PostTableViewCell.swift in Sources */,
				85D780ED25E78E20000D8D35 /* HamburgerViewController.swift in Sources */,
				853A14C9265F8D4C002BA2F0 /* NewsPageViewController.swift in Sources */,
				853A1465265A5021002BA2F0 /* FavoriteCollectionViewCell.swift in Sources */,
				855F73EA25CEF047009A6183 /* MainController.swift in Sources */,
				8540FACF25EE171A0096BAA5 /* AuthorizationViewController.swift in Sources */,
				8540FA5B25ECDFCC0096BAA5 /* ConversationsViewController.swift in Sources */,
				853A1491265C3697002BA2F0 /* ConversationTableViewCell.swift in Sources */,
				853A145B265A4ED5002BA2F0 /* FavoriteItemsViewController.swift in Sources */,
				8563454C2652FE0C00C233CA /* ParametersTableViewCell.swift in Sources */,
				855F73E625CEF047009A6183 /* AppDelegate.swift in Sources */,
				853A13A92659111E002BA2F0 /* ProfileTableViewCellName.swift in Sources */,
				853A14482659589E002BA2F0 /* NewCommentViewController.swift in Sources */,
				8540FB2225FCA0A50096BAA5 /* DatabaseManager.swift in Sources */,
				8540FA7B25ECE1C60096BAA5 /* SearchConversationViewController.swift in Sources */,
				856345422652532F00C233CA /* PhotoCarouselTableViewCell.swift in Sources */,
				855F744025D12E7B009A6183 /* NewsModel.swift in Sources */,
				853A13A426590D81002BA2F0 /* ProfileTableViewCellImage.swift in Sources */,
				853A143826595440002BA2F0 /* PostsViewController.swift in Sources */,
				8563452D265118CE00C233CA /* CatalogCell.swift in Sources */,
				8540FB27260006620096BAA5 /* ChatViewController.swift in Sources */,
				856346332654616B00C233CA /* CategoryEquipmentViewController.swift in Sources */,
				8540FAD425EE2ECC0096BAA5 /* UserModel.swift in Sources */,
				8563454726525E3C00C233CA /* PhotoCollectionViewCell.swift in Sources */,
				855F73E825CEF047009A6183 /* SceneDelegate.swift in Sources */,
				8540FA8025ECE1DB0096BAA5 /* ProfileViewController.swift in Sources */,
				85634638265463A700C233CA /* CategoryEquipmentTableViewCell.swift in Sources */,
				855F746925D4745A009A6183 /* NewsCell.swift in Sources */,
				853A14C3265E3FDD002BA2F0 /* Currencies.swift in Sources */,
				8563449F264B2A8D00C233CA /* Equipment.swift in Sources */,
				8540FB2C26000CFC0096BAA5 /* Message.swift in Sources */,
				8563453D26524FD700C233CA /* ProductViewController.swift in Sources */,
				8540FA7125ECE1940096BAA5 /* PhotoViewController.swift in Sources */,
				85628904267C0E200074FB9C /* TextViewController.swift in Sources */,
				853A1456265983E8002BA2F0 /* Comment.swift in Sources */,
			);
			runOnlyForDeploymentPostprocessing = 0;
		};
		855F73F425CEF049009A6183 /* Sources */ = {
			isa = PBXSourcesBuildPhase;
			buildActionMask = 2147483647;
			files = (
				855F73FD25CEF049009A6183 /* ViraKranTests.swift in Sources */,
			);
			runOnlyForDeploymentPostprocessing = 0;
		};
		855F73FF25CEF049009A6183 /* Sources */ = {
			isa = PBXSourcesBuildPhase;
			buildActionMask = 2147483647;
			files = (
				855F740825CEF049009A6183 /* ViraKranUITests.swift in Sources */,
			);
			runOnlyForDeploymentPostprocessing = 0;
		};
/* End PBXSourcesBuildPhase section */

/* Begin PBXTargetDependency section */
		855F73FA25CEF049009A6183 /* PBXTargetDependency */ = {
			isa = PBXTargetDependency;
			target = 855F73E125CEF047009A6183 /* ViraKran */;
			targetProxy = 855F73F925CEF049009A6183 /* PBXContainerItemProxy */;
		};
		855F740525CEF049009A6183 /* PBXTargetDependency */ = {
			isa = PBXTargetDependency;
			target = 855F73E125CEF047009A6183 /* ViraKran */;
			targetProxy = 855F740425CEF049009A6183 /* PBXContainerItemProxy */;
		};
/* End PBXTargetDependency section */

/* Begin PBXVariantGroup section */
		855F73EB25CEF047009A6183 /* Main.storyboard */ = {
			isa = PBXVariantGroup;
			children = (
				855F73EC25CEF047009A6183 /* Base */,
				852E95E62670E159004F94DB /* ru */,
			);
			name = Main.storyboard;
			sourceTree = "<group>";
		};
		855F73F025CEF049009A6183 /* LaunchScreen.storyboard */ = {
			isa = PBXVariantGroup;
			children = (
				855F73F125CEF049009A6183 /* Base */,
				852E95E72670E15C004F94DB /* ru */,
			);
			name = LaunchScreen.storyboard;
			sourceTree = "<group>";
		};
/* End PBXVariantGroup section */

/* Begin XCBuildConfiguration section */
		855F740A25CEF049009A6183 /* Debug */ = {
			isa = XCBuildConfiguration;
			buildSettings = {
				ALWAYS_SEARCH_USER_PATHS = NO;
				CLANG_ANALYZER_LOCALIZABILITY_NONLOCALIZED = YES;
				CLANG_ANALYZER_NONNULL = YES;
				CLANG_ANALYZER_NUMBER_OBJECT_CONVERSION = YES_AGGRESSIVE;
				CLANG_CXX_LANGUAGE_STANDARD = "gnu++14";
				CLANG_CXX_LIBRARY = "libc++";
				CLANG_ENABLE_MODULES = YES;
				CLANG_ENABLE_OBJC_ARC = YES;
				CLANG_ENABLE_OBJC_WEAK = YES;
				CLANG_WARN_BLOCK_CAPTURE_AUTORELEASING = YES;
				CLANG_WARN_BOOL_CONVERSION = YES;
				CLANG_WARN_COMMA = YES;
				CLANG_WARN_CONSTANT_CONVERSION = YES;
				CLANG_WARN_DEPRECATED_OBJC_IMPLEMENTATIONS = YES;
				CLANG_WARN_DIRECT_OBJC_ISA_USAGE = YES_ERROR;
				CLANG_WARN_DOCUMENTATION_COMMENTS = YES;
				CLANG_WARN_EMPTY_BODY = YES;
				CLANG_WARN_ENUM_CONVERSION = YES;
				CLANG_WARN_INFINITE_RECURSION = YES;
				CLANG_WARN_INT_CONVERSION = YES;
				CLANG_WARN_NON_LITERAL_NULL_CONVERSION = YES;
				CLANG_WARN_OBJC_IMPLICIT_RETAIN_SELF = YES;
				CLANG_WARN_OBJC_LITERAL_CONVERSION = YES;
				CLANG_WARN_OBJC_ROOT_CLASS = YES_ERROR;
				CLANG_WARN_QUOTED_INCLUDE_IN_FRAMEWORK_HEADER = YES;
				CLANG_WARN_RANGE_LOOP_ANALYSIS = YES;
				CLANG_WARN_STRICT_PROTOTYPES = YES;
				CLANG_WARN_SUSPICIOUS_MOVE = YES;
				CLANG_WARN_UNGUARDED_AVAILABILITY = YES_AGGRESSIVE;
				CLANG_WARN_UNREACHABLE_CODE = YES;
				CLANG_WARN__DUPLICATE_METHOD_MATCH = YES;
				COPY_PHASE_STRIP = NO;
				DEBUG_INFORMATION_FORMAT = dwarf;
				ENABLE_STRICT_OBJC_MSGSEND = YES;
				ENABLE_TESTABILITY = YES;
				GCC_C_LANGUAGE_STANDARD = gnu11;
				GCC_DYNAMIC_NO_PIC = NO;
				GCC_NO_COMMON_BLOCKS = YES;
				GCC_OPTIMIZATION_LEVEL = 0;
				GCC_PREPROCESSOR_DEFINITIONS = (
					"DEBUG=1",
					"$(inherited)",
				);
				GCC_WARN_64_TO_32_BIT_CONVERSION = YES;
				GCC_WARN_ABOUT_RETURN_TYPE = YES_ERROR;
				GCC_WARN_UNDECLARED_SELECTOR = YES;
				GCC_WARN_UNINITIALIZED_AUTOS = YES_AGGRESSIVE;
				GCC_WARN_UNUSED_FUNCTION = YES;
				GCC_WARN_UNUSED_VARIABLE = YES;
				IPHONEOS_DEPLOYMENT_TARGET = 11.0;
				MTL_ENABLE_DEBUG_INFO = INCLUDE_SOURCE;
				MTL_FAST_MATH = YES;
				ONLY_ACTIVE_ARCH = YES;
				SDKROOT = iphoneos;
				SWIFT_ACTIVE_COMPILATION_CONDITIONS = DEBUG;
				SWIFT_OPTIMIZATION_LEVEL = "-Onone";
			};
			name = Debug;
		};
		855F740B25CEF049009A6183 /* Release */ = {
			isa = XCBuildConfiguration;
			buildSettings = {
				ALWAYS_SEARCH_USER_PATHS = NO;
				CLANG_ANALYZER_LOCALIZABILITY_NONLOCALIZED = YES;
				CLANG_ANALYZER_NONNULL = YES;
				CLANG_ANALYZER_NUMBER_OBJECT_CONVERSION = YES_AGGRESSIVE;
				CLANG_CXX_LANGUAGE_STANDARD = "gnu++14";
				CLANG_CXX_LIBRARY = "libc++";
				CLANG_ENABLE_MODULES = YES;
				CLANG_ENABLE_OBJC_ARC = YES;
				CLANG_ENABLE_OBJC_WEAK = YES;
				CLANG_WARN_BLOCK_CAPTURE_AUTORELEASING = YES;
				CLANG_WARN_BOOL_CONVERSION = YES;
				CLANG_WARN_COMMA = YES;
				CLANG_WARN_CONSTANT_CONVERSION = YES;
				CLANG_WARN_DEPRECATED_OBJC_IMPLEMENTATIONS = YES;
				CLANG_WARN_DIRECT_OBJC_ISA_USAGE = YES_ERROR;
				CLANG_WARN_DOCUMENTATION_COMMENTS = YES;
				CLANG_WARN_EMPTY_BODY = YES;
				CLANG_WARN_ENUM_CONVERSION = YES;
				CLANG_WARN_INFINITE_RECURSION = YES;
				CLANG_WARN_INT_CONVERSION = YES;
				CLANG_WARN_NON_LITERAL_NULL_CONVERSION = YES;
				CLANG_WARN_OBJC_IMPLICIT_RETAIN_SELF = YES;
				CLANG_WARN_OBJC_LITERAL_CONVERSION = YES;
				CLANG_WARN_OBJC_ROOT_CLASS = YES_ERROR;
				CLANG_WARN_QUOTED_INCLUDE_IN_FRAMEWORK_HEADER = YES;
				CLANG_WARN_RANGE_LOOP_ANALYSIS = YES;
				CLANG_WARN_STRICT_PROTOTYPES = YES;
				CLANG_WARN_SUSPICIOUS_MOVE = YES;
				CLANG_WARN_UNGUARDED_AVAILABILITY = YES_AGGRESSIVE;
				CLANG_WARN_UNREACHABLE_CODE = YES;
				CLANG_WARN__DUPLICATE_METHOD_MATCH = YES;
				COPY_PHASE_STRIP = NO;
				DEBUG_INFORMATION_FORMAT = "dwarf-with-dsym";
				ENABLE_NS_ASSERTIONS = NO;
				ENABLE_STRICT_OBJC_MSGSEND = YES;
				GCC_C_LANGUAGE_STANDARD = gnu11;
				GCC_NO_COMMON_BLOCKS = YES;
				GCC_WARN_64_TO_32_BIT_CONVERSION = YES;
				GCC_WARN_ABOUT_RETURN_TYPE = YES_ERROR;
				GCC_WARN_UNDECLARED_SELECTOR = YES;
				GCC_WARN_UNINITIALIZED_AUTOS = YES_AGGRESSIVE;
				GCC_WARN_UNUSED_FUNCTION = YES;
				GCC_WARN_UNUSED_VARIABLE = YES;
				IPHONEOS_DEPLOYMENT_TARGET = 11.0;
				MTL_ENABLE_DEBUG_INFO = NO;
				MTL_FAST_MATH = YES;
				SDKROOT = iphoneos;
				SWIFT_COMPILATION_MODE = wholemodule;
				SWIFT_OPTIMIZATION_LEVEL = "-O";
				VALIDATE_PRODUCT = YES;
			};
			name = Release;
		};
		855F740D25CEF049009A6183 /* Debug */ = {
			isa = XCBuildConfiguration;
			baseConfigurationReference = C39CCF6DA59BF87CA4083F7E /* Pods-ViraKran.debug.xcconfig */;
			buildSettings = {
				ASSETCATALOG_COMPILER_APPICON_NAME = AppIcon;
				ASSETCATALOG_COMPILER_GLOBAL_ACCENT_COLOR_NAME = AccentColor;
				CODE_SIGN_STYLE = Automatic;
				DEVELOPMENT_TEAM = 895RB93Z73;
				INFOPLIST_FILE = ViraKran/Info.plist;
				IPHONEOS_DEPLOYMENT_TARGET = 11.0;
				LD_RUNPATH_SEARCH_PATHS = (
					"$(inherited)",
					"@executable_path/Frameworks",
				);
				PRODUCT_BUNDLE_IDENTIFIER = BrReed.ViraKran;
				PRODUCT_NAME = "$(TARGET_NAME)";
				SWIFT_VERSION = 5.0;
				TARGETED_DEVICE_FAMILY = 1;
			};
			name = Debug;
		};
		855F740E25CEF049009A6183 /* Release */ = {
			isa = XCBuildConfiguration;
			baseConfigurationReference = 52BD4D6207BF04D46C3076BF /* Pods-ViraKran.release.xcconfig */;
			buildSettings = {
				ASSETCATALOG_COMPILER_APPICON_NAME = AppIcon;
				ASSETCATALOG_COMPILER_GLOBAL_ACCENT_COLOR_NAME = AccentColor;
				CODE_SIGN_STYLE = Automatic;
				DEVELOPMENT_TEAM = 895RB93Z73;
				INFOPLIST_FILE = ViraKran/Info.plist;
				IPHONEOS_DEPLOYMENT_TARGET = 11.0;
				LD_RUNPATH_SEARCH_PATHS = (
					"$(inherited)",
					"@executable_path/Frameworks",
				);
				PRODUCT_BUNDLE_IDENTIFIER = BrReed.ViraKran;
				PRODUCT_NAME = "$(TARGET_NAME)";
				SWIFT_VERSION = 5.0;
				TARGETED_DEVICE_FAMILY = 1;
			};
			name = Release;
		};
		855F741025CEF049009A6183 /* Debug */ = {
			isa = XCBuildConfiguration;
			buildSettings = {
				ALWAYS_EMBED_SWIFT_STANDARD_LIBRARIES = YES;
				BUNDLE_LOADER = "$(TEST_HOST)";
				CODE_SIGN_STYLE = Automatic;
				DEVELOPMENT_TEAM = 895RB93Z73;
				INFOPLIST_FILE = ViraKranTests/Info.plist;
				IPHONEOS_DEPLOYMENT_TARGET = 14.3;
				LD_RUNPATH_SEARCH_PATHS = (
					"$(inherited)",
					"@executable_path/Frameworks",
					"@loader_path/Frameworks",
				);
				PRODUCT_BUNDLE_IDENTIFIER = BrReed.ViraKranTests;
				PRODUCT_NAME = "$(TARGET_NAME)";
				SWIFT_VERSION = 5.0;
				TARGETED_DEVICE_FAMILY = "1,2";
				TEST_HOST = "$(BUILT_PRODUCTS_DIR)/ViraKran.app/ViraKran";
			};
			name = Debug;
		};
		855F741125CEF049009A6183 /* Release */ = {
			isa = XCBuildConfiguration;
			buildSettings = {
				ALWAYS_EMBED_SWIFT_STANDARD_LIBRARIES = YES;
				BUNDLE_LOADER = "$(TEST_HOST)";
				CODE_SIGN_STYLE = Automatic;
				DEVELOPMENT_TEAM = 895RB93Z73;
				INFOPLIST_FILE = ViraKranTests/Info.plist;
				IPHONEOS_DEPLOYMENT_TARGET = 14.3;
				LD_RUNPATH_SEARCH_PATHS = (
					"$(inherited)",
					"@executable_path/Frameworks",
					"@loader_path/Frameworks",
				);
				PRODUCT_BUNDLE_IDENTIFIER = BrReed.ViraKranTests;
				PRODUCT_NAME = "$(TARGET_NAME)";
				SWIFT_VERSION = 5.0;
				TARGETED_DEVICE_FAMILY = "1,2";
				TEST_HOST = "$(BUILT_PRODUCTS_DIR)/ViraKran.app/ViraKran";
			};
			name = Release;
		};
		855F741325CEF049009A6183 /* Debug */ = {
			isa = XCBuildConfiguration;
			buildSettings = {
				ALWAYS_EMBED_SWIFT_STANDARD_LIBRARIES = YES;
				CODE_SIGN_STYLE = Automatic;
				DEVELOPMENT_TEAM = 895RB93Z73;
				INFOPLIST_FILE = ViraKranUITests/Info.plist;
				LD_RUNPATH_SEARCH_PATHS = (
					"$(inherited)",
					"@executable_path/Frameworks",
					"@loader_path/Frameworks",
				);
				PRODUCT_BUNDLE_IDENTIFIER = BrReed.ViraKranUITests;
				PRODUCT_NAME = "$(TARGET_NAME)";
				SWIFT_VERSION = 5.0;
				TARGETED_DEVICE_FAMILY = "1,2";
				TEST_TARGET_NAME = ViraKran;
			};
			name = Debug;
		};
		855F741425CEF049009A6183 /* Release */ = {
			isa = XCBuildConfiguration;
			buildSettings = {
				ALWAYS_EMBED_SWIFT_STANDARD_LIBRARIES = YES;
				CODE_SIGN_STYLE = Automatic;
				DEVELOPMENT_TEAM = 895RB93Z73;
				INFOPLIST_FILE = ViraKranUITests/Info.plist;
				LD_RUNPATH_SEARCH_PATHS = (
					"$(inherited)",
					"@executable_path/Frameworks",
					"@loader_path/Frameworks",
				);
				PRODUCT_BUNDLE_IDENTIFIER = BrReed.ViraKranUITests;
				PRODUCT_NAME = "$(TARGET_NAME)";
				SWIFT_VERSION = 5.0;
				TARGETED_DEVICE_FAMILY = "1,2";
				TEST_TARGET_NAME = ViraKran;
			};
			name = Release;
		};
/* End XCBuildConfiguration section */

/* Begin XCConfigurationList section */
		855F73DD25CEF047009A6183 /* Build configuration list for PBXProject "ViraKran" */ = {
			isa = XCConfigurationList;
			buildConfigurations = (
				855F740A25CEF049009A6183 /* Debug */,
				855F740B25CEF049009A6183 /* Release */,
			);
			defaultConfigurationIsVisible = 0;
			defaultConfigurationName = Release;
		};
		855F740C25CEF049009A6183 /* Build configuration list for PBXNativeTarget "ViraKran" */ = {
			isa = XCConfigurationList;
			buildConfigurations = (
				855F740D25CEF049009A6183 /* Debug */,
				855F740E25CEF049009A6183 /* Release */,
			);
			defaultConfigurationIsVisible = 0;
			defaultConfigurationName = Release;
		};
		855F740F25CEF049009A6183 /* Build configuration list for PBXNativeTarget "ViraKranTests" */ = {
			isa = XCConfigurationList;
			buildConfigurations = (
				855F741025CEF049009A6183 /* Debug */,
				855F741125CEF049009A6183 /* Release */,
			);
			defaultConfigurationIsVisible = 0;
			defaultConfigurationName = Release;
		};
		855F741225CEF049009A6183 /* Build configuration list for PBXNativeTarget "ViraKranUITests" */ = {
			isa = XCConfigurationList;
			buildConfigurations = (
				855F741325CEF049009A6183 /* Debug */,
				855F741425CEF049009A6183 /* Release */,
			);
			defaultConfigurationIsVisible = 0;
			defaultConfigurationName = Release;
		};
/* End XCConfigurationList section */
	};
	rootObject = 855F73DA25CEF047009A6183 /* Project object */;
}
